
Microsoft Visual Studio Solution File, Format Version 12.00
# Visual Studio Version 17
VisualStudioVersion = 17.2.32616.157
MinimumVisualStudioVersion = 10.0.40219.1
Project("{FAE04EC0-301F-11D3-BF4B-00C04F79EFBC}") = "Playful_Square_V0.2", "Playful_Square_V0.2\Playful_Square_V0.2.csproj", "{3260DB26-BBBB-41FF-929B-E5D1E3DBEF39}"
EndProject
Project("{54435603-DBB4-11D2-8724-00A0C9A8B90C}") = "Playful_Square", "Playful_Square\Playful_Square.vdproj", "{C4C0D47E-0158-4A51-9000-65E674DBD819}"
EndProject
Global
	GlobalSection(SolutionConfigurationPlatforms) = preSolution
		Debug|Any CPU = Debug|Any CPU
		Release|Any CPU = Release|Any CPU
	EndGlobalSection
	GlobalSection(ProjectConfigurationPlatforms) = postSolution
		{3260DB26-BBBB-41FF-929B-E5D1E3DBEF39}.Debug|Any CPU.ActiveCfg = Debug|Any CPU
		{3260DB26-BBBB-41FF-929B-E5D1E3DBEF39}.Debug|Any CPU.Build.0 = Debug|Any CPU
		{3260DB26-BBBB-41FF-929B-E5D1E3DBEF39}.Release|Any CPU.ActiveCfg = Release|Any CPU
		{3260DB26-BBBB-41FF-929B-E5D1E3DBEF39}.Release|Any CPU.Build.0 = Release|Any CPU
		{C4C0D47E-0158-4A51-9000-65E674DBD819}.Debug|Any CPU.ActiveCfg = Debug
		{C4C0D47E-0158-4A51-9000-65E674DBD819}.Release|Any CPU.ActiveCfg = Release
	EndGlobalSection
	GlobalSection(SolutionProperties) = preSolution
		HideSolutionNode = FALSE
	EndGlobalSection
	GlobalSection(ExtensibilityGlobals) = postSolution
		SolutionGuid = {0693B645-DC29-493B-8E87-99189D8E718C}
	EndGlobalSection
EndGlobal
